// !$*UTF8*$!
{
	archiveVersion = 1;
	classes = {
	};
	objectVersion = 50;
	objects = {

/* Begin PBXBuildFile section */
		F158571E25C09A7E00E54A90 /* empresas_iosApp.swift in Sources */ = {isa = PBXBuildFile; fileRef = F158571D25C09A7E00E54A90 /* empresas_iosApp.swift */; };
		F158572025C09A7E00E54A90 /* ContentView.swift in Sources */ = {isa = PBXBuildFile; fileRef = F158571F25C09A7E00E54A90 /* ContentView.swift */; };
		F158572225C09A7E00E54A90 /* Assets.xcassets in Resources */ = {isa = PBXBuildFile; fileRef = F158572125C09A7E00E54A90 /* Assets.xcassets */; };
		F158572525C09A7E00E54A90 /* Preview Assets.xcassets in Resources */ = {isa = PBXBuildFile; fileRef = F158572425C09A7E00E54A90 /* Preview Assets.xcassets */; };
		F158573025C09A7F00E54A90 /* empresas_iosTests.swift in Sources */ = {isa = PBXBuildFile; fileRef = F158572F25C09A7F00E54A90 /* empresas_iosTests.swift */; };
		F158573B25C09A7F00E54A90 /* empresas_iosUITests.swift in Sources */ = {isa = PBXBuildFile; fileRef = F158573A25C09A7F00E54A90 /* empresas_iosUITests.swift */; };
/* End PBXBuildFile section */

/* Begin PBXContainerItemProxy section */
		F158572C25C09A7E00E54A90 /* PBXContainerItemProxy */ = {
			isa = PBXContainerItemProxy;
			containerPortal = F158571225C09A7E00E54A90 /* Project object */;
			proxyType = 1;
			remoteGlobalIDString = F158571925C09A7E00E54A90;
			remoteInfo = empresas_ios;
		};
		F158573725C09A7F00E54A90 /* PBXContainerItemProxy */ = {
			isa = PBXContainerItemProxy;
			containerPortal = F158571225C09A7E00E54A90 /* Project object */;
			proxyType = 1;
			remoteGlobalIDString = F158571925C09A7E00E54A90;
			remoteInfo = empresas_ios;
		};
/* End PBXContainerItemProxy section */

/* Begin PBXFileReference section */
		F158571A25C09A7E00E54A90 /* empresas_ios.app */ = {isa = PBXFileReference; explicitFileType = wrapper.application; includeInIndex = 0; path = empresas_ios.app; sourceTree = BUILT_PRODUCTS_DIR; };
		F158571D25C09A7E00E54A90 /* empresas_iosApp.swift */ = {isa = PBXFileReference; lastKnownFileType = sourcecode.swift; path = empresas_iosApp.swift; sourceTree = "<group>"; };
		F158571F25C09A7E00E54A90 /* ContentView.swift */ = {isa = PBXFileReference; lastKnownFileType = sourcecode.swift; path = ContentView.swift; sourceTree = "<group>"; };
		F158572125C09A7E00E54A90 /* Assets.xcassets */ = {isa = PBXFileReference; lastKnownFileType = folder.assetcatalog; path = Assets.xcassets; sourceTree = "<group>"; };
		F158572425C09A7E00E54A90 /* Preview Assets.xcassets */ = {isa = PBXFileReference; lastKnownFileType = folder.assetcatalog; path = "Preview Assets.xcassets"; sourceTree = "<group>"; };
		F158572625C09A7E00E54A90 /* Info.plist */ = {isa = PBXFileReference; lastKnownFileType = text.plist.xml; path = Info.plist; sourceTree = "<group>"; };
		F158572B25C09A7E00E54A90 /* empresas_iosTests.xctest */ = {isa = PBXFileReference; explicitFileType = wrapper.cfbundle; includeInIndex = 0; path = empresas_iosTests.xctest; sourceTree = BUILT_PRODUCTS_DIR; };
		F158572F25C09A7F00E54A90 /* empresas_iosTests.swift */ = {isa = PBXFileReference; lastKnownFileType = sourcecode.swift; path = empresas_iosTests.swift; sourceTree = "<group>"; };
		F158573125C09A7F00E54A90 /* Info.plist */ = {isa = PBXFileReference; lastKnownFileType = text.plist.xml; path = Info.plist; sourceTree = "<group>"; };
		F158573625C09A7F00E54A90 /* empresas_iosUITests.xctest */ = {isa = PBXFileReference; explicitFileType = wrapper.cfbundle; includeInIndex = 0; path = empresas_iosUITests.xctest; sourceTree = BUILT_PRODUCTS_DIR; };
		F158573A25C09A7F00E54A90 /* empresas_iosUITests.swift */ = {isa = PBXFileReference; lastKnownFileType = sourcecode.swift; path = empresas_iosUITests.swift; sourceTree = "<group>"; };
		F158573C25C09A7F00E54A90 /* Info.plist */ = {isa = PBXFileReference; lastKnownFileType = text.plist.xml; path = Info.plist; sourceTree = "<group>"; };
/* End PBXFileReference section */

/* Begin PBXFrameworksBuildPhase section */
		F158571725C09A7E00E54A90 /* Frameworks */ = {
			isa = PBXFrameworksBuildPhase;
			buildActionMask = 2147483647;
			files = (
			);
			runOnlyForDeploymentPostprocessing = 0;
		};
		F158572825C09A7E00E54A90 /* Frameworks */ = {
			isa = PBXFrameworksBuildPhase;
			buildActionMask = 2147483647;
			files = (
			);
			runOnlyForDeploymentPostprocessing = 0;
		};
		F158573325C09A7F00E54A90 /* Frameworks */ = {
			isa = PBXFrameworksBuildPhase;
			buildActionMask = 2147483647;
			files = (
			);
			runOnlyForDeploymentPostprocessing = 0;
		};
/* End PBXFrameworksBuildPhase section */

/* Begin PBXGroup section */
		F158571125C09A7E00E54A90 = {
			isa = PBXGroup;
			children = (
				F158571C25C09A7E00E54A90 /* empresas_ios */,
				F158572E25C09A7F00E54A90 /* empresas_iosTests */,
				F158573925C09A7F00E54A90 /* empresas_iosUITests */,
				F158571B25C09A7E00E54A90 /* Products */,
			);
			sourceTree = "<group>";
		};
		F158571B25C09A7E00E54A90 /* Products */ = {
			isa = PBXGroup;
			children = (
				F158571A25C09A7E00E54A90 /* empresas_ios.app */,
				F158572B25C09A7E00E54A90 /* empresas_iosTests.xctest */,
				F158573625C09A7F00E54A90 /* empresas_iosUITests.xctest */,
			);
			name = Products;
			sourceTree = "<group>";
		};
		F158571C25C09A7E00E54A90 /* empresas_ios */ = {
			isa = PBXGroup;
			children = (
				F158571D25C09A7E00E54A90 /* empresas_iosApp.swift */,
				F158571F25C09A7E00E54A90 /* ContentView.swift */,
				F158572125C09A7E00E54A90 /* Assets.xcassets */,
				F158572625C09A7E00E54A90 /* Info.plist */,
				F158572325C09A7E00E54A90 /* Preview Content */,
			);
			path = empresas_ios;
			sourceTree = "<group>";
		};
		F158572325C09A7E00E54A90 /* Preview Content */ = {
			isa = PBXGroup;
			children = (
				F158572425C09A7E00E54A90 /* Preview Assets.xcassets */,
			);
			path = "Preview Content";
			sourceTree = "<group>";
		};
		F158572E25C09A7F00E54A90 /* empresas_iosTests */ = {
			isa = PBXGroup;
			children = (
				F158572F25C09A7F00E54A90 /* empresas_iosTests.swift */,
				F158573125C09A7F00E54A90 /* Info.plist */,
			);
			path = empresas_iosTests;
			sourceTree = "<group>";
		};
		F158573925C09A7F00E54A90 /* empresas_iosUITests */ = {
			isa = PBXGroup;
			children = (
				F158573A25C09A7F00E54A90 /* empresas_iosUITests.swift */,
				F158573C25C09A7F00E54A90 /* Info.plist */,
			);
			path = empresas_iosUITests;
			sourceTree = "<group>";
		};
/* End PBXGroup section */

/* Begin PBXNativeTarget section */
		F158571925C09A7E00E54A90 /* empresas_ios */ = {
			isa = PBXNativeTarget;
			buildConfigurationList = F158573F25C09A7F00E54A90 /* Build configuration list for PBXNativeTarget "empresas_ios" */;
			buildPhases = (
				F158571625C09A7E00E54A90 /* Sources */,
				F158571725C09A7E00E54A90 /* Frameworks */,
				F158571825C09A7E00E54A90 /* Resources */,
			);
			buildRules = (
			);
			dependencies = (
			);
			name = empresas_ios;
			productName = empresas_ios;
			productReference = F158571A25C09A7E00E54A90 /* empresas_ios.app */;
			productType = "com.apple.product-type.application";
		};
		F158572A25C09A7E00E54A90 /* empresas_iosTests */ = {
			isa = PBXNativeTarget;
			buildConfigurationList = F158574225C09A7F00E54A90 /* Build configuration list for PBXNativeTarget "empresas_iosTests" */;
			buildPhases = (
				F158572725C09A7E00E54A90 /* Sources */,
				F158572825C09A7E00E54A90 /* Frameworks */,
				F158572925C09A7E00E54A90 /* Resources */,
			);
			buildRules = (
			);
			dependencies = (
				F158572D25C09A7E00E54A90 /* PBXTargetDependency */,
			);
			name = empresas_iosTests;
			productName = empresas_iosTests;
			productReference = F158572B25C09A7E00E54A90 /* empresas_iosTests.xctest */;
			productType = "com.apple.product-type.bundle.unit-test";
		};
		F158573525C09A7F00E54A90 /* empresas_iosUITests */ = {
			isa = PBXNativeTarget;
			buildConfigurationList = F158574525C09A7F00E54A90 /* Build configuration list for PBXNativeTarget "empresas_iosUITests" */;
			buildPhases = (
				F158573225C09A7F00E54A90 /* Sources */,
				F158573325C09A7F00E54A90 /* Frameworks */,
				F158573425C09A7F00E54A90 /* Resources */,
			);
			buildRules = (
			);
			dependencies = (
				F158573825C09A7F00E54A90 /* PBXTargetDependency */,
			);
			name = empresas_iosUITests;
			productName = empresas_iosUITests;
			productReference = F158573625C09A7F00E54A90 /* empresas_iosUITests.xctest */;
			productType = "com.apple.product-type.bundle.ui-testing";
		};
/* End PBXNativeTarget section */

/* Begin PBXProject section */
		F158571225C09A7E00E54A90 /* Project object */ = {
			isa = PBXProject;
			attributes = {
				LastSwiftUpdateCheck = 1230;
				LastUpgradeCheck = 1230;
				TargetAttributes = {
					F158571925C09A7E00E54A90 = {
						CreatedOnToolsVersion = 12.3;
					};
					F158572A25C09A7E00E54A90 = {
						CreatedOnToolsVersion = 12.3;
						TestTargetID = F158571925C09A7E00E54A90;
					};
					F158573525C09A7F00E54A90 = {
						CreatedOnToolsVersion = 12.3;
						TestTargetID = F158571925C09A7E00E54A90;
					};
				};
			};
			buildConfigurationList = F158571525C09A7E00E54A90 /* Build configuration list for PBXProject "empresas_ios" */;
			compatibilityVersion = "Xcode 9.3";
			developmentRegion = en;
			hasScannedForEncodings = 0;
			knownRegions = (
				en,
				Base,
			);
			mainGroup = F158571125C09A7E00E54A90;
			productRefGroup = F158571B25C09A7E00E54A90 /* Products */;
			projectDirPath = "";
			projectRoot = "";
			targets = (
				F158571925C09A7E00E54A90 /* empresas_ios */,
				F158572A25C09A7E00E54A90 /* empresas_iosTests */,
				F158573525C09A7F00E54A90 /* empresas_iosUITests */,
			);
		};
/* End PBXProject section */

/* Begin PBXResourcesBuildPhase section */
		F158571825C09A7E00E54A90 /* Resources */ = {
			isa = PBXResourcesBuildPhase;
			buildActionMask = 2147483647;
			files = (
				F158572525C09A7E00E54A90 /* Preview Assets.xcassets in Resources */,
				F158572225C09A7E00E54A90 /* Assets.xcassets in Resources */,
			);
			runOnlyForDeploymentPostprocessing = 0;
		};
		F158572925C09A7E00E54A90 /* Resources */ = {
			isa = PBXResourcesBuildPhase;
			buildActionMask = 2147483647;
			files = (
			);
			runOnlyForDeploymentPostprocessing = 0;
		};
		F158573425C09A7F00E54A90 /* Resources */ = {
			isa = PBXResourcesBuildPhase;
			buildActionMask = 2147483647;
			files = (
			);
			runOnlyForDeploymentPostprocessing = 0;
		};
/* End PBXResourcesBuildPhase section */

/* Begin PBXSourcesBuildPhase section */
		F158571625C09A7E00E54A90 /* Sources */ = {
			isa = PBXSourcesBuildPhase;
			buildActionMask = 2147483647;
			files = (
				F158572025C09A7E00E54A90 /* ContentView.swift in Sources */,
				F158571E25C09A7E00E54A90 /* empresas_iosApp.swift in Sources */,
			);
			runOnlyForDeploymentPostprocessing = 0;
		};
		F158572725C09A7E00E54A90 /* Sources */ = {
			isa = PBXSourcesBuildPhase;
			buildActionMask = 2147483647;
			files = (
				F158573025C09A7F00E54A90 /* empresas_iosTests.swift in Sources */,
			);
			runOnlyForDeploymentPostprocessing = 0;
		};
		F158573225C09A7F00E54A90 /* Sources */ = {
			isa = PBXSourcesBuildPhase;
			buildActionMask = 2147483647;
			files = (
				F158573B25C09A7F00E54A90 /* empresas_iosUITests.swift in Sources */,
			);
			runOnlyForDeploymentPostprocessing = 0;
		};
/* End PBXSourcesBuildPhase section */

/* Begin PBXTargetDependency section */
		F158572D25C09A7E00E54A90 /* PBXTargetDependency */ = {
			isa = PBXTargetDependency;
			target = F158571925C09A7E00E54A90 /* empresas_ios */;
			targetProxy = F158572C25C09A7E00E54A90 /* PBXContainerItemProxy */;
		};
		F158573825C09A7F00E54A90 /* PBXTargetDependency */ = {
			isa = PBXTargetDependency;
			target = F158571925C09A7E00E54A90 /* empresas_ios */;
			targetProxy = F158573725C09A7F00E54A90 /* PBXContainerItemProxy */;
		};
/* End PBXTargetDependency section */

/* Begin XCBuildConfiguration section */
		F158573D25C09A7F00E54A90 /* Debug */ = {
			isa = XCBuildConfiguration;
			buildSettings = {
				ALWAYS_SEARCH_USER_PATHS = NO;
				CLANG_ANALYZER_NONNULL = YES;
				CLANG_ANALYZER_NUMBER_OBJECT_CONVERSION = YES_AGGRESSIVE;
				CLANG_CXX_LANGUAGE_STANDARD = "gnu++14";
				CLANG_CXX_LIBRARY = "libc++";
				CLANG_ENABLE_MODULES = YES;
				CLANG_ENABLE_OBJC_ARC = YES;
				CLANG_ENABLE_OBJC_WEAK = YES;
				CLANG_WARN_BLOCK_CAPTURE_AUTORELEASING = YES;
				CLANG_WARN_BOOL_CONVERSION = YES;
				CLANG_WARN_COMMA = YES;
				CLANG_WARN_CONSTANT_CONVERSION = YES;
				CLANG_WARN_DEPRECATED_OBJC_IMPLEMENTATIONS = YES;
				CLANG_WARN_DIRECT_OBJC_ISA_USAGE = YES_ERROR;
				CLANG_WARN_DOCUMENTATION_COMMENTS = YES;
				CLANG_WARN_EMPTY_BODY = YES;
				CLANG_WARN_ENUM_CONVERSION = YES;
				CLANG_WARN_INFINITE_RECURSION = YES;
				CLANG_WARN_INT_CONVERSION = YES;
				CLANG_WARN_NON_LITERAL_NULL_CONVERSION = YES;
				CLANG_WARN_OBJC_IMPLICIT_RETAIN_SELF = YES;
				CLANG_WARN_OBJC_LITERAL_CONVERSION = YES;
				CLANG_WARN_OBJC_ROOT_CLASS = YES_ERROR;
				CLANG_WARN_QUOTED_INCLUDE_IN_FRAMEWORK_HEADER = YES;
				CLANG_WARN_RANGE_LOOP_ANALYSIS = YES;
				CLANG_WARN_STRICT_PROTOTYPES = YES;
				CLANG_WARN_SUSPICIOUS_MOVE = YES;
				CLANG_WARN_UNGUARDED_AVAILABILITY = YES_AGGRESSIVE;
				CLANG_WARN_UNREACHABLE_CODE = YES;
				CLANG_WARN__DUPLICATE_METHOD_MATCH = YES;
				COPY_PHASE_STRIP = NO;
				DEBUG_INFORMATION_FORMAT = dwarf;
				ENABLE_STRICT_OBJC_MSGSEND = YES;
				ENABLE_TESTABILITY = YES;
				GCC_C_LANGUAGE_STANDARD = gnu11;
				GCC_DYNAMIC_NO_PIC = NO;
				GCC_NO_COMMON_BLOCKS = YES;
				GCC_OPTIMIZATION_LEVEL = 0;
				GCC_PREPROCESSOR_DEFINITIONS = (
					"DEBUG=1",
					"$(inherited)",
				);
				GCC_WARN_64_TO_32_BIT_CONVERSION = YES;
				GCC_WARN_ABOUT_RETURN_TYPE = YES_ERROR;
				GCC_WARN_UNDECLARED_SELECTOR = YES;
				GCC_WARN_UNINITIALIZED_AUTOS = YES_AGGRESSIVE;
				GCC_WARN_UNUSED_FUNCTION = YES;
				GCC_WARN_UNUSED_VARIABLE = YES;
				IPHONEOS_DEPLOYMENT_TARGET = 14.3;
				MTL_ENABLE_DEBUG_INFO = INCLUDE_SOURCE;
				MTL_FAST_MATH = YES;
				ONLY_ACTIVE_ARCH = YES;
				SDKROOT = iphoneos;
				SWIFT_ACTIVE_COMPILATION_CONDITIONS = DEBUG;
				SWIFT_OPTIMIZATION_LEVEL = "-Onone";
			};
			name = Debug;
		};
		F158573E25C09A7F00E54A90 /* Release */ = {
			isa = XCBuildConfiguration;
			buildSettings = {
				ALWAYS_SEARCH_USER_PATHS = NO;
				CLANG_ANALYZER_NONNULL = YES;
				CLANG_ANALYZER_NUMBER_OBJECT_CONVERSION = YES_AGGRESSIVE;
				CLANG_CXX_LANGUAGE_STANDARD = "gnu++14";
				CLANG_CXX_LIBRARY = "libc++";
				CLANG_ENABLE_MODULES = YES;
				CLANG_ENABLE_OBJC_ARC = YES;
				CLANG_ENABLE_OBJC_WEAK = YES;
				CLANG_WARN_BLOCK_CAPTURE_AUTORELEASING = YES;
				CLANG_WARN_BOOL_CONVERSION = YES;
				CLANG_WARN_COMMA = YES;
				CLANG_WARN_CONSTANT_CONVERSION = YES;
				CLANG_WARN_DEPRECATED_OBJC_IMPLEMENTATIONS = YES;
				CLANG_WARN_DIRECT_OBJC_ISA_USAGE = YES_ERROR;
				CLANG_WARN_DOCUMENTATION_COMMENTS = YES;
				CLANG_WARN_EMPTY_BODY = YES;
				CLANG_WARN_ENUM_CONVERSION = YES;
				CLANG_WARN_INFINITE_RECURSION = YES;
				CLANG_WARN_INT_CONVERSION = YES;
				CLANG_WARN_NON_LITERAL_NULL_CONVERSION = YES;
				CLANG_WARN_OBJC_IMPLICIT_RETAIN_SELF = YES;
				CLANG_WARN_OBJC_LITERAL_CONVERSION = YES;
				CLANG_WARN_OBJC_ROOT_CLASS = YES_ERROR;
				CLANG_WARN_QUOTED_INCLUDE_IN_FRAMEWORK_HEADER = YES;
				CLANG_WARN_RANGE_LOOP_ANALYSIS = YES;
				CLANG_WARN_STRICT_PROTOTYPES = YES;
				CLANG_WARN_SUSPICIOUS_MOVE = YES;
				CLANG_WARN_UNGUARDED_AVAILABILITY = YES_AGGRESSIVE;
				CLANG_WARN_UNREACHABLE_CODE = YES;
				CLANG_WARN__DUPLICATE_METHOD_MATCH = YES;
				COPY_PHASE_STRIP = NO;
				DEBUG_INFORMATION_FORMAT = "dwarf-with-dsym";
				ENABLE_NS_ASSERTIONS = NO;
				ENABLE_STRICT_OBJC_MSGSEND = YES;
				GCC_C_LANGUAGE_STANDARD = gnu11;
				GCC_NO_COMMON_BLOCKS = YES;
				GCC_WARN_64_TO_32_BIT_CONVERSION = YES;
				GCC_WARN_ABOUT_RETURN_TYPE = YES_ERROR;
				GCC_WARN_UNDECLARED_SELECTOR = YES;
				GCC_WARN_UNINITIALIZED_AUTOS = YES_AGGRESSIVE;
				GCC_WARN_UNUSED_FUNCTION = YES;
				GCC_WARN_UNUSED_VARIABLE = YES;
				IPHONEOS_DEPLOYMENT_TARGET = 14.3;
				MTL_ENABLE_DEBUG_INFO = NO;
				MTL_FAST_MATH = YES;
				SDKROOT = iphoneos;
				SWIFT_COMPILATION_MODE = wholemodule;
				SWIFT_OPTIMIZATION_LEVEL = "-O";
				VALIDATE_PRODUCT = YES;
			};
			name = Release;
		};
		F158574025C09A7F00E54A90 /* Debug */ = {
			isa = XCBuildConfiguration;
			buildSettings = {
				ASSETCATALOG_COMPILER_APPICON_NAME = AppIcon;
				ASSETCATALOG_COMPILER_GLOBAL_ACCENT_COLOR_NAME = AccentColor;
				CODE_SIGN_STYLE = Automatic;
				DEVELOPMENT_ASSET_PATHS = "\"empresas_ios/Preview Content\"";
				DEVELOPMENT_TEAM = J3Q7HWN3W7;
				ENABLE_PREVIEWS = YES;
				INFOPLIST_FILE = empresas_ios/Info.plist;
				IPHONEOS_DEPLOYMENT_TARGET = 14.0;
				LD_RUNPATH_SEARCH_PATHS = (
					"$(inherited)",
					"@executable_path/Frameworks",
				);
				PRODUCT_BUNDLE_IDENTIFIER = "com.br.gabriel.gustavo.empresas-ios";
				PRODUCT_NAME = "$(TARGET_NAME)";
				SWIFT_VERSION = 5.0;
				TARGETED_DEVICE_FAMILY = "1,2";
			};
			name = Debug;
		};
		F158574125C09A7F00E54A90 /* Release */ = {
			isa = XCBuildConfiguration;
			buildSettings = {
				ASSETCATALOG_COMPILER_APPICON_NAME = AppIcon;
				ASSETCATALOG_COMPILER_GLOBAL_ACCENT_COLOR_NAME = AccentColor;
				CODE_SIGN_STYLE = Automatic;
				DEVELOPMENT_ASSET_PATHS = "\"empresas_ios/Preview Content\"";
				DEVELOPMENT_TEAM = J3Q7HWN3W7;
				ENABLE_PREVIEWS = YES;
				INFOPLIST_FILE = empresas_ios/Info.plist;
				IPHONEOS_DEPLOYMENT_TARGET = 14.0;
				LD_RUNPATH_SEARCH_PATHS = (
					"$(inherited)",
					"@executable_path/Frameworks",
				);
				PRODUCT_BUNDLE_IDENTIFIER = "com.br.gabriel.gustavo.empresas-ios";
				PRODUCT_NAME = "$(TARGET_NAME)";
				SWIFT_VERSION = 5.0;
				TARGETED_DEVICE_FAMILY = "1,2";
			};
			name = Release;
		};
		F158574325C09A7F00E54A90 /* Debug */ = {
			isa = XCBuildConfiguration;
			buildSettings = {
				ALWAYS_EMBED_SWIFT_STANDARD_LIBRARIES = YES;
				BUNDLE_LOADER = "$(TEST_HOST)";
				CODE_SIGN_STYLE = Automatic;
				DEVELOPMENT_TEAM = J3Q7HWN3W7;
				INFOPLIST_FILE = empresas_iosTests/Info.plist;
				IPHONEOS_DEPLOYMENT_TARGET = 14.0;
				LD_RUNPATH_SEARCH_PATHS = (
					"$(inherited)",
					"@executable_path/Frameworks",
					"@loader_path/Frameworks",
				);
				PRODUCT_BUNDLE_IDENTIFIER = "com.br.gabriel.gustavo.empresas-iosTests";
				PRODUCT_NAME = "$(TARGET_NAME)";
				SWIFT_VERSION = 5.0;
				TARGETED_DEVICE_FAMILY = "1,2";
				TEST_HOST = "$(BUILT_PRODUCTS_DIR)/empresas_ios.app/empresas_ios";
			};
			name = Debug;
		};
		F158574425C09A7F00E54A90 /* Release */ = {
			isa = XCBuildConfiguration;
			buildSettings = {
				ALWAYS_EMBED_SWIFT_STANDARD_LIBRARIES = YES;
				BUNDLE_LOADER = "$(TEST_HOST)";
				CODE_SIGN_STYLE = Automatic;
				DEVELOPMENT_TEAM = J3Q7HWN3W7;
				INFOPLIST_FILE = empresas_iosTests/Info.plist;
				IPHONEOS_DEPLOYMENT_TARGET = 14.0;
				LD_RUNPATH_SEARCH_PATHS = (
					"$(inherited)",
					"@executable_path/Frameworks",
					"@loader_path/Frameworks",
				);
				PRODUCT_BUNDLE_IDENTIFIER = "com.br.gabriel.gustavo.empresas-iosTests";
				PRODUCT_NAME = "$(TARGET_NAME)";
				SWIFT_VERSION = 5.0;
				TARGETED_DEVICE_FAMILY = "1,2";
				TEST_HOST = "$(BUILT_PRODUCTS_DIR)/empresas_ios.app/empresas_ios";
			};
			name = Release;
		};
		F158574625C09A7F00E54A90 /* Debug */ = {
			isa = XCBuildConfiguration;
			buildSettings = {
				ALWAYS_EMBED_SWIFT_STANDARD_LIBRARIES = YES;
				CODE_SIGN_STYLE = Automatic;
				DEVELOPMENT_TEAM = J3Q7HWN3W7;
				INFOPLIST_FILE = empresas_iosUITests/Info.plist;
				LD_RUNPATH_SEARCH_PATHS = (
					"$(inherited)",
					"@executable_path/Frameworks",
					"@loader_path/Frameworks",
				);
				PRODUCT_BUNDLE_IDENTIFIER = "com.br.gabriel.gustavo.empresas-iosUITests";
				PRODUCT_NAME = "$(TARGET_NAME)";
				SWIFT_VERSION = 5.0;
				TARGETED_DEVICE_FAMILY = "1,2";
				TEST_TARGET_NAME = empresas_ios;
			};
			name = Debug;
		};
		F158574725C09A7F00E54A90 /* Release */ = {
			isa = XCBuildConfiguration;
			buildSettings = {
				ALWAYS_EMBED_SWIFT_STANDARD_LIBRARIES = YES;
				CODE_SIGN_STYLE = Automatic;
				DEVELOPMENT_TEAM = J3Q7HWN3W7;
				INFOPLIST_FILE = empresas_iosUITests/Info.plist;
				LD_RUNPATH_SEARCH_PATHS = (
					"$(inherited)",
					"@executable_path/Frameworks",
					"@loader_path/Frameworks",
				);
				PRODUCT_BUNDLE_IDENTIFIER = "com.br.gabriel.gustavo.empresas-iosUITests";
				PRODUCT_NAME = "$(TARGET_NAME)";
				SWIFT_VERSION = 5.0;
				TARGETED_DEVICE_FAMILY = "1,2";
				TEST_TARGET_NAME = empresas_ios;
			};
			name = Release;
		};
/* End XCBuildConfiguration section */

/* Begin XCConfigurationList section */
		F158571525C09A7E00E54A90 /* Build configuration list for PBXProject "empresas_ios" */ = {
			isa = XCConfigurationList;
			buildConfigurations = (
				F158573D25C09A7F00E54A90 /* Debug */,
				F158573E25C09A7F00E54A90 /* Release */,
			);
			defaultConfigurationIsVisible = 0;
			defaultConfigurationName = Release;
		};
		F158573F25C09A7F00E54A90 /* Build configuration list for PBXNativeTarget "empresas_ios" */ = {
			isa = XCConfigurationList;
			buildConfigurations = (
				F158574025C09A7F00E54A90 /* Debug */,
				F158574125C09A7F00E54A90 /* Release */,
			);
			defaultConfigurationIsVisible = 0;
			defaultConfigurationName = Release;
		};
		F158574225C09A7F00E54A90 /* Build configuration list for PBXNativeTarget "empresas_iosTests" */ = {
			isa = XCConfigurationList;
			buildConfigurations = (
				F158574325C09A7F00E54A90 /* Debug */,
				F158574425C09A7F00E54A90 /* Release */,
			);
			defaultConfigurationIsVisible = 0;
			defaultConfigurationName = Release;
		};
		F158574525C09A7F00E54A90 /* Build configuration list for PBXNativeTarget "empresas_iosUITests" */ = {
			isa = XCConfigurationList;
			buildConfigurations = (
				F158574625C09A7F00E54A90 /* Debug */,
				F158574725C09A7F00E54A90 /* Release */,
			);
			defaultConfigurationIsVisible = 0;
			defaultConfigurationName = Release;
		};
/* End XCConfigurationList section */
	};
	rootObject = F158571225C09A7E00E54A90 /* Project object */;
}
